
Microsoft Visual Studio Solution File, Format Version 12.00
# Visual Studio Version 17
VisualStudioVersion = 17.8.34330.188
MinimumVisualStudioVersion = 10.0.40219.1
Project("{FAE04EC0-301F-11D3-BF4B-00C04F79EFBC}") = "Demo1", "Demo1.csproj", "{BAC67934-0886-4478-8976-77A5571CD87D}"
EndProject
Project("{FAE04EC0-301F-11D3-BF4B-00C04F79EFBC}") = "TestProject1", "TestProject1\TestProject1.csproj", "{6E5208D6-E89D-4349-BE54-AC2E9B25948A}"
EndProject
Global
	GlobalSection(SolutionConfigurationPlatforms) = preSolution
		Debug|Any CPU = Debug|Any CPU
		Release|Any CPU = Release|Any CPU
	EndGlobalSection
	GlobalSection(ProjectConfigurationPlatforms) = postSolution
		{BAC67934-0886-4478-8976-77A5571CD87D}.Debug|Any CPU.ActiveCfg = Debug|Any CPU
		{BAC67934-0886-4478-8976-77A5571CD87D}.Debug|Any CPU.Build.0 = Debug|Any CPU
		{BAC67934-0886-4478-8976-77A5571CD87D}.Release|Any CPU.ActiveCfg = Release|Any CPU
		{BAC67934-0886-4478-8976-77A5571CD87D}.Release|Any CPU.Build.0 = Release|Any CPU
		{6E5208D6-E89D-4349-BE54-AC2E9B25948A}.Debug|Any CPU.ActiveCfg = Debug|Any CPU
		{6E5208D6-E89D-4349-BE54-AC2E9B25948A}.Debug|Any CPU.Build.0 = Debug|Any CPU
		{6E5208D6-E89D-4349-BE54-AC2E9B25948A}.Release|Any CPU.ActiveCfg = Release|Any CPU
		{6E5208D6-E89D-4349-BE54-AC2E9B25948A}.Release|Any CPU.Build.0 = Release|Any CPU
	EndGlobalSection
	GlobalSection(SolutionProperties) = preSolution
		HideSolutionNode = FALSE
	EndGlobalSection
	GlobalSection(ExtensibilityGlobals) = postSolution
		SolutionGuid = {BC40568B-E11C-49CF-8373-06CFF1E40A16}
	EndGlobalSection
EndGlobal
